Microsoft Visual Studio Solution File, Format Version 11.00
# Visual Studio 2008

Project("{576BFC2E-F5FF-3AEA-7CEC-FE5F0BEE3886}") = "Chem", "Assembly-CSharp-firstpass.csproj", "{7790E53E-7BA9-A4C4-97A8-CE7B8E252F41}"
EndProject
Project("{576BFC2E-F5FF-3AEA-7CEC-FE5F0BEE3886}") = "Chem", "Assembly-CSharp.csproj", "{109CAED5-455C-8BB3-84B3-82CEC6030171}"
EndProject
Project("{576BFC2E-F5FF-3AEA-7CEC-FE5F0BEE3886}") = "Chem", "Assembly-UnityScript-firstpass.unityproj", "{9B91BA84-E1C3-5B51-D4FE-240388D31161}"
EndProject
Project("{576BFC2E-F5FF-3AEA-7CEC-FE5F0BEE3886}") = "Chem", "Assembly-UnityScript.unityproj", "{4CD4A018-3D45-80D1-D429-FC47E031B0F2}"
EndProject
Global
	GlobalSection(SolutionConfigurationPlatforms) = preSolution
		Debug|Any CPU = Debug|Any CPU
		Release|Any CPU = Release|Any CPU
	EndGlobalSection
	GlobalSection(ProjectConfigurationPlatforms) = postSolution
		{7790E53E-7BA9-A4C4-97A8-CE7B8E252F41}.Debug|Any CPU.ActiveCfg = Debug|Any CPU
		{7790E53E-7BA9-A4C4-97A8-CE7B8E252F41}.Debug|Any CPU.Build.0 = Debug|Any CPU
		{7790E53E-7BA9-A4C4-97A8-CE7B8E252F41}.Release|Any CPU.ActiveCfg = Release|Any CPU
		{7790E53E-7BA9-A4C4-97A8-CE7B8E252F41}.Release|Any CPU.Build.0 = Release|Any CPU
		{109CAED5-455C-8BB3-84B3-82CEC6030171}.Debug|Any CPU.ActiveCfg = Debug|Any CPU
		{109CAED5-455C-8BB3-84B3-82CEC6030171}.Debug|Any CPU.Build.0 = Debug|Any CPU
		{109CAED5-455C-8BB3-84B3-82CEC6030171}.Release|Any CPU.ActiveCfg = Release|Any CPU
		{109CAED5-455C-8BB3-84B3-82CEC6030171}.Release|Any CPU.Build.0 = Release|Any CPU
		{9B91BA84-E1C3-5B51-D4FE-240388D31161}.Debug|Any CPU.ActiveCfg = Debug|Any CPU
		{9B91BA84-E1C3-5B51-D4FE-240388D31161}.Debug|Any CPU.Build.0 = Debug|Any CPU
		{9B91BA84-E1C3-5B51-D4FE-240388D31161}.Release|Any CPU.ActiveCfg = Release|Any CPU
		{9B91BA84-E1C3-5B51-D4FE-240388D31161}.Release|Any CPU.Build.0 = Release|Any CPU
		{4CD4A018-3D45-80D1-D429-FC47E031B0F2}.Debug|Any CPU.ActiveCfg = Debug|Any CPU
		{4CD4A018-3D45-80D1-D429-FC47E031B0F2}.Debug|Any CPU.Build.0 = Debug|Any CPU
		{4CD4A018-3D45-80D1-D429-FC47E031B0F2}.Release|Any CPU.ActiveCfg = Release|Any CPU
		{4CD4A018-3D45-80D1-D429-FC47E031B0F2}.Release|Any CPU.Build.0 = Release|Any CPU
	EndGlobalSection
	GlobalSection(SolutionProperties) = preSolution
		HideSolutionNode = FALSE
	EndGlobalSection
																													GlobalSection(MonoDevelopProperties) = preSolution
		StartupItem = Assembly-CSharp.csproj
		Policies = $0
		$0.TextStylePolicy = $1
		$1.inheritsSet = null
		$1.scope = text/x-csharp
		$0.CSharpFormattingPolicy = $2
		$2.inheritsSet = Mono
		$2.inheritsScope = text/x-csharp
		$2.scope = text/x-csharp
		$0.TextStylePolicy = $3
		$3.FileWidth = 120
		$3.TabWidth = 4
		$3.EolMarker = Unix
		$3.inheritsSet = Mono
		$3.inheritsScope = text/plain
		$3.scope = text/plain
	EndGlobalSection

EndGlobal
